// !$*UTF8*$!
{
	archiveVersion = 1;
	classes = {
	};
	objectVersion = 50;
	objects = {

/* Begin PBXBuildFile section */
		5E2709792817FC0F001167C8 /* TweetFilterViewModel.swift in Sources */ = {isa = PBXBuildFile; fileRef = 5E2709782817FC0F001167C8 /* TweetFilterViewModel.swift */; };
		5E9DB46228170FAF007BAA32 /* TwitterSwiftUIApp.swift in Sources */ = {isa = PBXBuildFile; fileRef = 5E9DB46128170FAF007BAA32 /* TwitterSwiftUIApp.swift */; };
		5E9DB46428170FAF007BAA32 /* ContentView.swift in Sources */ = {isa = PBXBuildFile; fileRef = 5E9DB46328170FAF007BAA32 /* ContentView.swift */; };
		5E9DB46628170FB9007BAA32 /* Assets.xcassets in Resources */ = {isa = PBXBuildFile; fileRef = 5E9DB46528170FB9007BAA32 /* Assets.xcassets */; };
		5E9DB46928170FB9007BAA32 /* Preview Assets.xcassets in Resources */ = {isa = PBXBuildFile; fileRef = 5E9DB46828170FB9007BAA32 /* Preview Assets.xcassets */; };
		5E9DB47228171134007BAA32 /* OneTweetView.swift in Sources */ = {isa = PBXBuildFile; fileRef = 5E9DB47128171134007BAA32 /* OneTweetView.swift */; };
		5E9DB4762817182B007BAA32 /* ExploringView.swift in Sources */ = {isa = PBXBuildFile; fileRef = 5E9DB4752817182B007BAA32 /* ExploringView.swift */; };
		5E9DB47A2817184E007BAA32 /* Notifications.swift in Sources */ = {isa = PBXBuildFile; fileRef = 5E9DB4792817184E007BAA32 /* Notifications.swift */; };
		5E9DB47D2817186C007BAA32 /* Messages.swift in Sources */ = {isa = PBXBuildFile; fileRef = 5E9DB47C2817186C007BAA32 /* Messages.swift */; };
		5E9DB4802817187F007BAA32 /* MainTabView.swift in Sources */ = {isa = PBXBuildFile; fileRef = 5E9DB47F2817187F007BAA32 /* MainTabView.swift */; };
		5E9DB487281731CE007BAA32 /* ProfileView.swift in Sources */ = {isa = PBXBuildFile; fileRef = 5E9DB486281731CE007BAA32 /* ProfileView.swift */; };
/* End PBXBuildFile section */

/* Begin PBXFileReference section */
		5E2709782817FC0F001167C8 /* TweetFilterViewModel.swift */ = {isa = PBXFileReference; lastKnownFileType = sourcecode.swift; path = TweetFilterViewModel.swift; sourceTree = "<group>"; };
		5E9DB45E28170FAF007BAA32 /* TwitterSwiftUI.app */ = {isa = PBXFileReference; explicitFileType = wrapper.application; includeInIndex = 0; path = TwitterSwiftUI.app; sourceTree = BUILT_PRODUCTS_DIR; };
		5E9DB46128170FAF007BAA32 /* TwitterSwiftUIApp.swift */ = {isa = PBXFileReference; lastKnownFileType = sourcecode.swift; path = TwitterSwiftUIApp.swift; sourceTree = "<group>"; };
		5E9DB46328170FAF007BAA32 /* ContentView.swift */ = {isa = PBXFileReference; lastKnownFileType = sourcecode.swift; path = ContentView.swift; sourceTree = "<group>"; };
		5E9DB46528170FB9007BAA32 /* Assets.xcassets */ = {isa = PBXFileReference; lastKnownFileType = folder.assetcatalog; path = Assets.xcassets; sourceTree = "<group>"; };
		5E9DB46828170FB9007BAA32 /* Preview Assets.xcassets */ = {isa = PBXFileReference; lastKnownFileType = folder.assetcatalog; path = "Preview Assets.xcassets"; sourceTree = "<group>"; };
		5E9DB46A28170FB9007BAA32 /* Info.plist */ = {isa = PBXFileReference; lastKnownFileType = text.plist.xml; path = Info.plist; sourceTree = "<group>"; };
		5E9DB47128171134007BAA32 /* OneTweetView.swift */ = {isa = PBXFileReference; lastKnownFileType = sourcecode.swift; path = OneTweetView.swift; sourceTree = "<group>"; };
		5E9DB4752817182B007BAA32 /* ExploringView.swift */ = {isa = PBXFileReference; lastKnownFileType = sourcecode.swift; path = ExploringView.swift; sourceTree = "<group>"; };
		5E9DB4792817184E007BAA32 /* Notifications.swift */ = {isa = PBXFileReference; lastKnownFileType = sourcecode.swift; path = Notifications.swift; sourceTree = "<group>"; };
		5E9DB47C2817186C007BAA32 /* Messages.swift */ = {isa = PBXFileReference; lastKnownFileType = sourcecode.swift; path = Messages.swift; sourceTree = "<group>"; };
		5E9DB47F2817187F007BAA32 /* MainTabView.swift */ = {isa = PBXFileReference; lastKnownFileType = sourcecode.swift; path = MainTabView.swift; sourceTree = "<group>"; };
		5E9DB486281731CE007BAA32 /* ProfileView.swift */ = {isa = PBXFileReference; lastKnownFileType = sourcecode.swift; path = ProfileView.swift; sourceTree = "<group>"; };
/* End PBXFileReference section */

/* Begin PBXFrameworksBuildPhase section */
		5E9DB45B28170FAF007BAA32 /* Frameworks */ = {
			isa = PBXFrameworksBuildPhase;
			buildActionMask = 2147483647;
			files = (
			);
			runOnlyForDeploymentPostprocessing = 0;
		};
/* End PBXFrameworksBuildPhase section */

/* Begin PBXGroup section */
		5E27097B2817FC8F001167C8 /* Profile */ = {
			isa = PBXGroup;
			children = (
				5E27097D2817FC9E001167C8 /* ViewModel */,
				5E2709812817FCA9001167C8 /* View */,
			);
			path = Profile;
			sourceTree = "<group>";
		};
		5E27097D2817FC9E001167C8 /* ViewModel */ = {
			isa = PBXGroup;
			children = (
				5E2709782817FC0F001167C8 /* TweetFilterViewModel.swift */,
			);
			path = ViewModel;
			sourceTree = "<group>";
		};
		5E2709812817FCA9001167C8 /* View */ = {
			isa = PBXGroup;
			children = (
				5E9DB486281731CE007BAA32 /* ProfileView.swift */,
			);
			path = View;
			sourceTree = "<group>";
		};
		5E9DB45528170FAF007BAA32 = {
			isa = PBXGroup;
			children = (
				5E9DB46028170FAF007BAA32 /* TwitterSwiftUI */,
				5E9DB45F28170FAF007BAA32 /* Products */,
			);
			sourceTree = "<group>";
		};
		5E9DB45F28170FAF007BAA32 /* Products */ = {
			isa = PBXGroup;
			children = (
				5E9DB45E28170FAF007BAA32 /* TwitterSwiftUI.app */,
			);
			name = Products;
			sourceTree = "<group>";
		};
		5E9DB46028170FAF007BAA32 /* TwitterSwiftUI */ = {
			isa = PBXGroup;
			children = (
				5E9DB46128170FAF007BAA32 /* TwitterSwiftUIApp.swift */,
				5E9DB47428171801007BAA32 /* Main Views */,
				5E9DB47128171134007BAA32 /* OneTweetView.swift */,
				5E9DB46528170FB9007BAA32 /* Assets.xcassets */,
				5E9DB46A28170FB9007BAA32 /* Info.plist */,
				5E9DB46728170FB9007BAA32 /* Preview Content */,
			);
			path = TwitterSwiftUI;
			sourceTree = "<group>";
		};
		5E9DB46728170FB9007BAA32 /* Preview Content */ = {
			isa = PBXGroup;
			children = (
				5E9DB46828170FB9007BAA32 /* Preview Assets.xcassets */,
			);
			path = "Preview Content";
			sourceTree = "<group>";
		};
		5E9DB47428171801007BAA32 /* Main Views */ = {
			isa = PBXGroup;
			children = (
				5E27097B2817FC8F001167C8 /* Profile */,
				5E9DB47F2817187F007BAA32 /* MainTabView.swift */,
				5E9DB46328170FAF007BAA32 /* ContentView.swift */,
				5E9DB4752817182B007BAA32 /* ExploringView.swift */,
				5E9DB4792817184E007BAA32 /* Notifications.swift */,
				5E9DB47C2817186C007BAA32 /* Messages.swift */,
			);
			path = "Main Views";
			sourceTree = "<group>";
		};
/* End PBXGroup section */

/* Begin PBXNativeTarget section */
		5E9DB45D28170FAF007BAA32 /* TwitterSwiftUI */ = {
			isa = PBXNativeTarget;
			buildConfigurationList = 5E9DB46D28170FB9007BAA32 /* Build configuration list for PBXNativeTarget "TwitterSwiftUI" */;
			buildPhases = (
				5E9DB45A28170FAF007BAA32 /* Sources */,
				5E9DB45B28170FAF007BAA32 /* Frameworks */,
				5E9DB45C28170FAF007BAA32 /* Resources */,
			);
			buildRules = (
			);
			dependencies = (
			);
			name = TwitterSwiftUI;
			productName = TwitterSwiftUI;
			productReference = 5E9DB45E28170FAF007BAA32 /* TwitterSwiftUI.app */;
			productType = "com.apple.product-type.application";
		};
/* End PBXNativeTarget section */

/* Begin PBXProject section */
		5E9DB45628170FAF007BAA32 /* Project object */ = {
			isa = PBXProject;
			attributes = {
				LastSwiftUpdateCheck = 1210;
				LastUpgradeCheck = 1210;
				TargetAttributes = {
					5E9DB45D28170FAF007BAA32 = {
						CreatedOnToolsVersion = 12.1;
					};
				};
			};
			buildConfigurationList = 5E9DB45928170FAF007BAA32 /* Build configuration list for PBXProject "TwitterSwiftUI" */;
			compatibilityVersion = "Xcode 9.3";
			developmentRegion = en;
			hasScannedForEncodings = 0;
			knownRegions = (
				en,
				Base,
			);
			mainGroup = 5E9DB45528170FAF007BAA32;
			productRefGroup = 5E9DB45F28170FAF007BAA32 /* Products */;
			projectDirPath = "";
			projectRoot = "";
			targets = (
				5E9DB45D28170FAF007BAA32 /* TwitterSwiftUI */,
			);
		};
/* End PBXProject section */

/* Begin PBXResourcesBuildPhase section */
		5E9DB45C28170FAF007BAA32 /* Resources */ = {
			isa = PBXResourcesBuildPhase;
			buildActionMask = 2147483647;
			files = (
				5E9DB46928170FB9007BAA32 /* Preview Assets.xcassets in Resources */,
				5E9DB46628170FB9007BAA32 /* Assets.xcassets in Resources */,
			);
			runOnlyForDeploymentPostprocessing = 0;
		};
/* End PBXResourcesBuildPhase section */

/* Begin PBXSourcesBuildPhase section */
		5E9DB45A28170FAF007BAA32 /* Sources */ = {
			isa = PBXSourcesBuildPhase;
			buildActionMask = 2147483647;
			files = (
				5E9DB487281731CE007BAA32 /* ProfileView.swift in Sources */,
				5E9DB47A2817184E007BAA32 /* Notifications.swift in Sources */,
				5E9DB47D2817186C007BAA32 /* Messages.swift in Sources */,
				5E9DB46428170FAF007BAA32 /* ContentView.swift in Sources */,
				5E9DB4762817182B007BAA32 /* ExploringView.swift in Sources */,
				5E9DB46228170FAF007BAA32 /* TwitterSwiftUIApp.swift in Sources */,
				5E2709792817FC0F001167C8 /* TweetFilterViewModel.swift in Sources */,
				5E9DB47228171134007BAA32 /* OneTweetView.swift in Sources */,
				5E9DB4802817187F007BAA32 /* MainTabView.swift in Sources */,
			);
			runOnlyForDeploymentPostprocessing = 0;
		};
/* End PBXSourcesBuildPhase section */

/* Begin XCBuildConfiguration section */
		5E9DB46B28170FB9007BAA32 /* Debug */ = {
			isa = XCBuildConfiguration;
			buildSettings = {
				ALWAYS_SEARCH_USER_PATHS = NO;
				CLANG_ANALYZER_NONNULL = YES;
				CLANG_ANALYZER_NUMBER_OBJECT_CONVERSION = YES_AGGRESSIVE;
				CLANG_CXX_LANGUAGE_STANDARD = "gnu++14";
				CLANG_CXX_LIBRARY = "libc++";
				CLANG_ENABLE_MODULES = YES;
				CLANG_ENABLE_OBJC_ARC = YES;
				CLANG_ENABLE_OBJC_WEAK = YES;
				CLANG_WARN_BLOCK_CAPTURE_AUTORELEASING = YES;
				CLANG_WARN_BOOL_CONVERSION = YES;
				CLANG_WARN_COMMA = YES;
				CLANG_WARN_CONSTANT_CONVERSION = YES;
				CLANG_WARN_DEPRECATED_OBJC_IMPLEMENTATIONS = YES;
				CLANG_WARN_DIRECT_OBJC_ISA_USAGE = YES_ERROR;
				CLANG_WARN_DOCUMENTATION_COMMENTS = YES;
				CLANG_WARN_EMPTY_BODY = YES;
				CLANG_WARN_ENUM_CONVERSION = YES;
				CLANG_WARN_INFINITE_RECURSION = YES;
				CLANG_WARN_INT_CONVERSION = YES;
				CLANG_WARN_NON_LITERAL_NULL_CONVERSION = YES;
				CLANG_WARN_OBJC_IMPLICIT_RETAIN_SELF = YES;
				CLANG_WARN_OBJC_LITERAL_CONVERSION = YES;
				CLANG_WARN_OBJC_ROOT_CLASS = YES_ERROR;
				CLANG_WARN_QUOTED_INCLUDE_IN_FRAMEWORK_HEADER = YES;
				CLANG_WARN_RANGE_LOOP_ANALYSIS = YES;
				CLANG_WARN_STRICT_PROTOTYPES = YES;
				CLANG_WARN_SUSPICIOUS_MOVE = YES;
				CLANG_WARN_UNGUARDED_AVAILABILITY = YES_AGGRESSIVE;
				CLANG_WARN_UNREACHABLE_CODE = YES;
				CLANG_WARN__DUPLICATE_METHOD_MATCH = YES;
				COPY_PHASE_STRIP = NO;
				DEBUG_INFORMATION_FORMAT = dwarf;
				ENABLE_STRICT_OBJC_MSGSEND = YES;
				ENABLE_TESTABILITY = YES;
				GCC_C_LANGUAGE_STANDARD = gnu11;
				GCC_DYNAMIC_NO_PIC = NO;
				GCC_NO_COMMON_BLOCKS = YES;
				GCC_OPTIMIZATION_LEVEL = 0;
				GCC_PREPROCESSOR_DEFINITIONS = (
					"DEBUG=1",
					"$(inherited)",
				);
				GCC_WARN_64_TO_32_BIT_CONVERSION = YES;
				GCC_WARN_ABOUT_RETURN_TYPE = YES_ERROR;
				GCC_WARN_UNDECLARED_SELECTOR = YES;
				GCC_WARN_UNINITIALIZED_AUTOS = YES_AGGRESSIVE;
				GCC_WARN_UNUSED_FUNCTION = YES;
				GCC_WARN_UNUSED_VARIABLE = YES;
				IPHONEOS_DEPLOYMENT_TARGET = 14.1;
				MTL_ENABLE_DEBUG_INFO = INCLUDE_SOURCE;
				MTL_FAST_MATH = YES;
				ONLY_ACTIVE_ARCH = YES;
				SDKROOT = iphoneos;
				SWIFT_ACTIVE_COMPILATION_CONDITIONS = DEBUG;
				SWIFT_OPTIMIZATION_LEVEL = "-Onone";
			};
			name = Debug;
		};
		5E9DB46C28170FB9007BAA32 /* Release */ = {
			isa = XCBuildConfiguration;
			buildSettings = {
				ALWAYS_SEARCH_USER_PATHS = NO;
				CLANG_ANALYZER_NONNULL = YES;
				CLANG_ANALYZER_NUMBER_OBJECT_CONVERSION = YES_AGGRESSIVE;
				CLANG_CXX_LANGUAGE_STANDARD = "gnu++14";
				CLANG_CXX_LIBRARY = "libc++";
				CLANG_ENABLE_MODULES = YES;
				CLANG_ENABLE_OBJC_ARC = YES;
				CLANG_ENABLE_OBJC_WEAK = YES;
				CLANG_WARN_BLOCK_CAPTURE_AUTORELEASING = YES;
				CLANG_WARN_BOOL_CONVERSION = YES;
				CLANG_WARN_COMMA = YES;
				CLANG_WARN_CONSTANT_CONVERSION = YES;
				CLANG_WARN_DEPRECATED_OBJC_IMPLEMENTATIONS = YES;
				CLANG_WARN_DIRECT_OBJC_ISA_USAGE = YES_ERROR;
				CLANG_WARN_DOCUMENTATION_COMMENTS = YES;
				CLANG_WARN_EMPTY_BODY = YES;
				CLANG_WARN_ENUM_CONVERSION = YES;
				CLANG_WARN_INFINITE_RECURSION = YES;
				CLANG_WARN_INT_CONVERSION = YES;
				CLANG_WARN_NON_LITERAL_NULL_CONVERSION = YES;
				CLANG_WARN_OBJC_IMPLICIT_RETAIN_SELF = YES;
				CLANG_WARN_OBJC_LITERAL_CONVERSION = YES;
				CLANG_WARN_OBJC_ROOT_CLASS = YES_ERROR;
				CLANG_WARN_QUOTED_INCLUDE_IN_FRAMEWORK_HEADER = YES;
				CLANG_WARN_RANGE_LOOP_ANALYSIS = YES;
				CLANG_WARN_STRICT_PROTOTYPES = YES;
				CLANG_WARN_SUSPICIOUS_MOVE = YES;
				CLANG_WARN_UNGUARDED_AVAILABILITY = YES_AGGRESSIVE;
				CLANG_WARN_UNREACHABLE_CODE = YES;
				CLANG_WARN__DUPLICATE_METHOD_MATCH = YES;
				COPY_PHASE_STRIP = NO;
				DEBUG_INFORMATION_FORMAT = "dwarf-with-dsym";
				ENABLE_NS_ASSERTIONS = NO;
				ENABLE_STRICT_OBJC_MSGSEND = YES;
				GCC_C_LANGUAGE_STANDARD = gnu11;
				GCC_NO_COMMON_BLOCKS = YES;
				GCC_WARN_64_TO_32_BIT_CONVERSION = YES;
				GCC_WARN_ABOUT_RETURN_TYPE = YES_ERROR;
				GCC_WARN_UNDECLARED_SELECTOR = YES;
				GCC_WARN_UNINITIALIZED_AUTOS = YES_AGGRESSIVE;
				GCC_WARN_UNUSED_FUNCTION = YES;
				GCC_WARN_UNUSED_VARIABLE = YES;
				IPHONEOS_DEPLOYMENT_TARGET = 14.1;
				MTL_ENABLE_DEBUG_INFO = NO;
				MTL_FAST_MATH = YES;
				SDKROOT = iphoneos;
				SWIFT_COMPILATION_MODE = wholemodule;
				SWIFT_OPTIMIZATION_LEVEL = "-O";
				VALIDATE_PRODUCT = YES;
			};
			name = Release;
		};
		5E9DB46E28170FB9007BAA32 /* Debug */ = {
			isa = XCBuildConfiguration;
			buildSettings = {
				ASSETCATALOG_COMPILER_APPICON_NAME = AppIcon;
				ASSETCATALOG_COMPILER_GLOBAL_ACCENT_COLOR_NAME = AccentColor;
				CODE_SIGN_STYLE = Automatic;
				DEVELOPMENT_ASSET_PATHS = "\"TwitterSwiftUI/Preview Content\"";
				DEVELOPMENT_TEAM = M2NK3BK87V;
				ENABLE_PREVIEWS = YES;
				INFOPLIST_FILE = TwitterSwiftUI/Info.plist;
				IPHONEOS_DEPLOYMENT_TARGET = 14.0;
				LD_RUNPATH_SEARCH_PATHS = (
					"$(inherited)",
					"@executable_path/Frameworks",
				);
				PRODUCT_BUNDLE_IDENTIFIER = saxtime.TwitterSwiftUI;
				PRODUCT_NAME = "$(TARGET_NAME)";
				SWIFT_VERSION = 5.0;
				TARGETED_DEVICE_FAMILY = "1,2";
			};
			name = Debug;
		};
		5E9DB46F28170FB9007BAA32 /* Release */ = {
			isa = XCBuildConfiguration;
			buildSettings = {
				ASSETCATALOG_COMPILER_APPICON_NAME = AppIcon;
				ASSETCATALOG_COMPILER_GLOBAL_ACCENT_COLOR_NAME = AccentColor;
				CODE_SIGN_STYLE = Automatic;
				DEVELOPMENT_ASSET_PATHS = "\"TwitterSwiftUI/Preview Content\"";
				DEVELOPMENT_TEAM = M2NK3BK87V;
				ENABLE_PREVIEWS = YES;
				INFOPLIST_FILE = TwitterSwiftUI/Info.plist;
				IPHONEOS_DEPLOYMENT_TARGET = 14.0;
				LD_RUNPATH_SEARCH_PATHS = (
					"$(inherited)",
					"@executable_path/Frameworks",
				);
				PRODUCT_BUNDLE_IDENTIFIER = saxtime.TwitterSwiftUI;
				PRODUCT_NAME = "$(TARGET_NAME)";
				SWIFT_VERSION = 5.0;
				TARGETED_DEVICE_FAMILY = "1,2";
			};
			name = Release;
		};
/* End XCBuildConfiguration section */

/* Begin XCConfigurationList section */
		5E9DB45928170FAF007BAA32 /* Build configuration list for PBXProject "TwitterSwiftUI" */ = {
			isa = XCConfigurationList;
			buildConfigurations = (
				5E9DB46B28170FB9007BAA32 /* Debug */,
				5E9DB46C28170FB9007BAA32 /* Release */,
			);
			defaultConfigurationIsVisible = 0;
			defaultConfigurationName = Release;
		};
		5E9DB46D28170FB9007BAA32 /* Build configuration list for PBXNativeTarget "TwitterSwiftUI" */ = {
			isa = XCConfigurationList;
			buildConfigurations = (
				5E9DB46E28170FB9007BAA32 /* Debug */,
				5E9DB46F28170FB9007BAA32 /* Release */,
			);
			defaultConfigurationIsVisible = 0;
			defaultConfigurationName = Release;
		};
/* End XCConfigurationList section */
	};
	rootObject = 5E9DB45628170FAF007BAA32 /* Project object */;
}
